
Microsoft Visual Studio Solution File, Format Version 12.00
# Visual Studio Version 16
VisualStudioVersion = 16.0.32106.194
MinimumVisualStudioVersion = 10.0.40219.1
Project("{FAE04EC0-301F-11D3-BF4B-00C04F79EFBC}") = "SalesWebMVC", "SalesWebMVC\SalesWebMVC.csproj", "{BE4518F2-5461-43BE-AD12-29BC4915F40E}"
EndProject
Global
	GlobalSection(SolutionConfigurationPlatforms) = preSolution
		Debug|Any CPU = Debug|Any CPU
		Release|Any CPU = Release|Any CPU
	EndGlobalSection
	GlobalSection(ProjectConfigurationPlatforms) = postSolution
		{BE4518F2-5461-43BE-AD12-29BC4915F40E}.Debug|Any CPU.ActiveCfg = Debug|Any CPU
		{BE4518F2-5461-43BE-AD12-29BC4915F40E}.Debug|Any CPU.Build.0 = Debug|Any CPU
		{BE4518F2-5461-43BE-AD12-29BC4915F40E}.Release|Any CPU.ActiveCfg = Release|Any CPU
		{BE4518F2-5461-43BE-AD12-29BC4915F40E}.Release|Any CPU.Build.0 = Release|Any CPU
	EndGlobalSection
	GlobalSection(SolutionProperties) = preSolution
		HideSolutionNode = FALSE
	EndGlobalSection
	GlobalSection(ExtensibilityGlobals) = postSolution
		SolutionGuid = {38B3D08A-3E5E-4996-A2A8-D060C279C19C}
	EndGlobalSection
EndGlobal
